{
  "name": "chonker-v2",
  "version": "1.0.0",
  "lockfileVersion": 3,
  "requires": true,
  "packages": {
    "": {
      "name": "chonker-v2",
      "version": "1.0.0",
      "license": "MIT",
      "dependencies": {
        "gxlg-asyncdb": "^1.5.5",
        "nullcord": "^3.2.3"
      }
    },
    "node_modules/gxlg-asyncdb": {
      "version": "1.5.5",
      "resolved": "https://registry.npmjs.org/gxlg-asyncdb/-/gxlg-asyncdb-1.5.5.tgz",
      "integrity": "sha512-ZVK1A142b6ET1kgLRwhsmIsv3XiBASoBXeJVK8LlPawhiNtB0oqkFbrOh+tAjxHDmCcZOc3/rtxSKsEETUGRJg==",
      "dependencies": {
        "gxlg-utils": "^1.1.2"
      }
    },
    "node_modules/gxlg-utils": {
      "version": "1.2.0",
      "resolved": "https://registry.npmjs.org/gxlg-utils/-/gxlg-utils-1.2.0.tgz",
      "integrity": "sha512-4poVVhAjY1jqerlnFtbQtX7uOp180xNkSDetWeh9XiT3l7JlhwzKMKxn9rrJfx8Or+jgZ95Ci0lZcTCmbpxUag=="
    },
    "node_modules/nullcord": {
      "version": "3.2.3",
      "resolved": "https://registry.npmjs.org/nullcord/-/nullcord-3.2.3.tgz",
      "integrity": "sha512-rV3PaOIMptTLBjiokRc749kmrqjiB4OEim09jTYXPHJRlQXoC2ufbaY/gwIHnSM2jC832hMnwaGXX+s9s0Lp8A==",
      "dependencies": {
        "gxlg-utils": "^1.2.0",
        "ws": "^8.16.0"
      }
    },
    "node_modules/ws": {
      "version": "8.17.1",
      "resolved": "https://registry.npmjs.org/ws/-/ws-8.17.1.tgz",
      "integrity": "sha512-6XQFvXTkbfUOZOKKILFG1PDK2NDQs4azKQl26T0YS5CxqWLgXajbPZ+h4gZekJyRqFU8pvnbAbbs/3TgRPy+GQ==",
      "engines": {
        "node": ">=10.0.0"
      },
      "peerDependencies": {
        "bufferutil": "^4.0.1",
        "utf-8-validate": ">=5.0.2"
      },
      "peerDependenciesMeta": {
        "bufferutil": {
          "optional": true
        },
        "utf-8-validate": {
          "optional": true
        }
      }
    }
  }
}
